
Microsoft Visual Studio Solution File, Format Version 12.00
# Visual Studio Version 16
VisualStudioVersion = 25.0.1706.8
MinimumVisualStudioVersion = 10.0.40219.1
Project("{FAE04EC0-301F-11D3-BF4B-00C04F79EFBC}") = "TPS", "TPS\TPS.csproj", "{E2AC2F03-C755-46EC-9CC5-0BECC3ED5E3B}"
EndProject
Project("{2150E333-8FDC-42A3-9474-1A3956D46DE8}") = "Solution Items", "Solution Items", "{2D15E2C8-0665-4731-8E17-7E7B16F94BFB}"
	ProjectSection(SolutionItems) = preProject
		Web.config = Web.config
	EndProjectSection
EndProject
Global
	GlobalSection(SolutionConfigurationPlatforms) = preSolution
		Debug|Any CPU = Debug|Any CPU
		Release|Any CPU = Release|Any CPU
	EndGlobalSection
	GlobalSection(ProjectConfigurationPlatforms) = postSolution
		{E2AC2F03-C755-46EC-9CC5-0BECC3ED5E3B}.Debug|Any CPU.ActiveCfg = Debug|Any CPU
		{E2AC2F03-C755-46EC-9CC5-0BECC3ED5E3B}.Debug|Any CPU.Build.0 = Debug|Any CPU
		{E2AC2F03-C755-46EC-9CC5-0BECC3ED5E3B}.Release|Any CPU.ActiveCfg = Release|Any CPU
		{E2AC2F03-C755-46EC-9CC5-0BECC3ED5E3B}.Release|Any CPU.Build.0 = Release|Any CPU
	EndGlobalSection
	GlobalSection(SolutionProperties) = preSolution
		HideSolutionNode = FALSE
	EndGlobalSection
	GlobalSection(ExtensibilityGlobals) = postSolution
		SolutionGuid = {A0A52BC6-6DC7-435D-916B-FB14D2F5E1F4}
	EndGlobalSection
EndGlobal
